
Microsoft Visual Studio Solution File, Format Version 12.00
# Visual Studio Version 16
VisualStudioVersion = 16.0.31702.278
MinimumVisualStudioVersion = 10.0.40219.1
Project("{FAE04EC0-301F-11D3-BF4B-00C04F79EFBC}") = "AppraisalProject", "AppraisalProject\AppraisalProject.csproj", "{518CEA25-D1A6-497E-BF3B-EF7017AEB718}"
EndProject
Project("{FAE04EC0-301F-11D3-BF4B-00C04F79EFBC}") = "AppraisalValidation", "AppraisalValidation\AppraisalValidation.csproj", "{6E4EE06C-9D30-463B-B297-32D4C5DF27B2}"
EndProject
Global
	GlobalSection(SolutionConfigurationPlatforms) = preSolution
		Debug|Any CPU = Debug|Any CPU
		Release|Any CPU = Release|Any CPU
	EndGlobalSection
	GlobalSection(ProjectConfigurationPlatforms) = postSolution
		{518CEA25-D1A6-497E-BF3B-EF7017AEB718}.Debug|Any CPU.ActiveCfg = Debug|Any CPU
		{518CEA25-D1A6-497E-BF3B-EF7017AEB718}.Debug|Any CPU.Build.0 = Debug|Any CPU
		{518CEA25-D1A6-497E-BF3B-EF7017AEB718}.Release|Any CPU.ActiveCfg = Release|Any CPU
		{518CEA25-D1A6-497E-BF3B-EF7017AEB718}.Release|Any CPU.Build.0 = Release|Any CPU
		{6E4EE06C-9D30-463B-B297-32D4C5DF27B2}.Debug|Any CPU.ActiveCfg = Debug|Any CPU
		{6E4EE06C-9D30-463B-B297-32D4C5DF27B2}.Debug|Any CPU.Build.0 = Debug|Any CPU
		{6E4EE06C-9D30-463B-B297-32D4C5DF27B2}.Release|Any CPU.ActiveCfg = Release|Any CPU
		{6E4EE06C-9D30-463B-B297-32D4C5DF27B2}.Release|Any CPU.Build.0 = Release|Any CPU
	EndGlobalSection
	GlobalSection(SolutionProperties) = preSolution
		HideSolutionNode = FALSE
	EndGlobalSection
	GlobalSection(ExtensibilityGlobals) = postSolution
		SolutionGuid = {38E4D425-9E6A-4590-AEC1-DC0ACA29900E}
	EndGlobalSection
EndGlobal
